// !$*UTF8*$!
{
	archiveVersion = 1;
	classes = {
	};
	objectVersion = 46;
	objects = {

/* Begin PBXBuildFile section */
		F5098E3D17094CE600E5CD66 /* UIKit.framework in Frameworks */ = {isa = PBXBuildFile; fileRef = F5098E3C17094CE600E5CD66 /* UIKit.framework */; };
		F5098E3F17094CE600E5CD66 /* Foundation.framework in Frameworks */ = {isa = PBXBuildFile; fileRef = F5098E3E17094CE600E5CD66 /* Foundation.framework */; };
		F5098E4117094CE600E5CD66 /* CoreGraphics.framework in Frameworks */ = {isa = PBXBuildFile; fileRef = F5098E4017094CE600E5CD66 /* CoreGraphics.framework */; };
		F5098E4717094CE600E5CD66 /* InfoPlist.strings in Resources */ = {isa = PBXBuildFile; fileRef = F5098E4517094CE600E5CD66 /* InfoPlist.strings */; };
		F5098E4917094CE600E5CD66 /* main.m in Sources */ = {isa = PBXBuildFile; fileRef = F5098E4817094CE600E5CD66 /* main.m */; };
		F5098E4D17094CE600E5CD66 /* AppDelegate.m in Sources */ = {isa = PBXBuildFile; fileRef = F5098E4C17094CE600E5CD66 /* AppDelegate.m */; };
		F5098E4F17094CE600E5CD66 /* Default.png in Resources */ = {isa = PBXBuildFile; fileRef = F5098E4E17094CE600E5CD66 /* Default.png */; };
		F5098E5117094CE600E5CD66 /* Default@2x.png in Resources */ = {isa = PBXBuildFile; fileRef = F5098E5017094CE600E5CD66 /* Default@2x.png */; };
		F5098E5317094CE600E5CD66 /* Default-568h@2x.png in Resources */ = {isa = PBXBuildFile; fileRef = F5098E5217094CE600E5CD66 /* Default-568h@2x.png */; };
		F5098E5617094CE600E5CD66 /* MainStoryboard.storyboard in Resources */ = {isa = PBXBuildFile; fileRef = F5098E5417094CE600E5CD66 /* MainStoryboard.storyboard */; };
		F5098E5B17094CE600E5CD66 /* first.png in Resources */ = {isa = PBXBuildFile; fileRef = F5098E5A17094CE600E5CD66 /* first.png */; };
		F5098E5D17094CE600E5CD66 /* first@2x.png in Resources */ = {isa = PBXBuildFile; fileRef = F5098E5C17094CE600E5CD66 /* first@2x.png */; };
		F5098E6217094CE600E5CD66 /* second.png in Resources */ = {isa = PBXBuildFile; fileRef = F5098E6117094CE600E5CD66 /* second.png */; };
		F5098E6417094CE600E5CD66 /* second@2x.png in Resources */ = {isa = PBXBuildFile; fileRef = F5098E6317094CE600E5CD66 /* second@2x.png */; };
		F5098E6C17094E9C00E5CD66 /* ListViewController.m in Sources */ = {isa = PBXBuildFile; fileRef = F5098E6B17094E9C00E5CD66 /* ListViewController.m */; };
		F5098E6F17095AFA00E5CD66 /* ViewController.m in Sources */ = {isa = PBXBuildFile; fileRef = F5098E6E17095AFA00E5CD66 /* ViewController.m */; };
		F5098E751709710100E5CD66 /* abcViewController.m in Sources */ = {isa = PBXBuildFile; fileRef = F5098E741709710100E5CD66 /* abcViewController.m */; };
		F5098E7B1709788A00E5CD66 /* abcdViewController.m in Sources */ = {isa = PBXBuildFile; fileRef = F5098E7A1709788A00E5CD66 /* abcdViewController.m */; };
		F595DC60170ACCA900809AC7 /* PlusViewController.m in Sources */ = {isa = PBXBuildFile; fileRef = F595DC5F170ACCA900809AC7 /* PlusViewController.m */; };
		F595DC63170ACEFC00809AC7 /* PlusseniViewController.m in Sources */ = {isa = PBXBuildFile; fileRef = F595DC62170ACEFC00809AC7 /* PlusseniViewController.m */; };
/* End PBXBuildFile section */

/* Begin PBXFileReference section */
		F5098E3917094CE600E5CD66 /* ft.app */ = {isa = PBXFileReference; explicitFileType = wrapper.application; includeInIndex = 0; path = ft.app; sourceTree = BUILT_PRODUCTS_DIR; };
		F5098E3C17094CE600E5CD66 /* UIKit.framework */ = {isa = PBXFileReference; lastKnownFileType = wrapper.framework; name = UIKit.framework; path = System/Library/Frameworks/UIKit.framework; sourceTree = SDKROOT; };
		F5098E3E17094CE600E5CD66 /* Foundation.framework */ = {isa = PBXFileReference; lastKnownFileType = wrapper.framework; name = Foundation.framework; path = System/Library/Frameworks/Foundation.framework; sourceTree = SDKROOT; };
		F5098E4017094CE600E5CD66 /* CoreGraphics.framework */ = {isa = PBXFileReference; lastKnownFileType = wrapper.framework; name = CoreGraphics.framework; path = System/Library/Frameworks/CoreGraphics.framework; sourceTree = SDKROOT; };
		F5098E4417094CE600E5CD66 /* ft-Info.plist */ = {isa = PBXFileReference; lastKnownFileType = text.plist.xml; path = "ft-Info.plist"; sourceTree = "<group>"; };
		F5098E4617094CE600E5CD66 /* en */ = {isa = PBXFileReference; lastKnownFileType = text.plist.strings; name = en; path = en.lproj/InfoPlist.strings; sourceTree = "<group>"; };
		F5098E4817094CE600E5CD66 /* main.m */ = {isa = PBXFileReference; lastKnownFileType = sourcecode.c.objc; path = main.m; sourceTree = "<group>"; };
		F5098E4A17094CE600E5CD66 /* ft-Prefix.pch */ = {isa = PBXFileReference; lastKnownFileType = sourcecode.c.h; path = "ft-Prefix.pch"; sourceTree = "<group>"; };
		F5098E4B17094CE600E5CD66 /* AppDelegate.h */ = {isa = PBXFileReference; lastKnownFileType = sourcecode.c.h; path = AppDelegate.h; sourceTree = "<group>"; };
		F5098E4C17094CE600E5CD66 /* AppDelegate.m */ = {isa = PBXFileReference; lastKnownFileType = sourcecode.c.objc; path = AppDelegate.m; sourceTree = "<group>"; };
		F5098E4E17094CE600E5CD66 /* Default.png */ = {isa = PBXFileReference; lastKnownFileType = image.png; path = Default.png; sourceTree = "<group>"; };
		F5098E5017094CE600E5CD66 /* Default@2x.png */ = {isa = PBXFileReference; lastKnownFileType = image.png; path = "Default@2x.png"; sourceTree = "<group>"; };
		F5098E5217094CE600E5CD66 /* Default-568h@2x.png */ = {isa = PBXFileReference; lastKnownFileType = image.png; path = "Default-568h@2x.png"; sourceTree = "<group>"; };
		F5098E5517094CE600E5CD66 /* en */ = {isa = PBXFileReference; lastKnownFileType = file.storyboard; name = en; path = en.lproj/MainStoryboard.storyboard; sourceTree = "<group>"; };
		F5098E5A17094CE600E5CD66 /* first.png */ = {isa = PBXFileReference; lastKnownFileType = image.png; path = first.png; sourceTree = "<group>"; };
		F5098E5C17094CE600E5CD66 /* first@2x.png */ = {isa = PBXFileReference; lastKnownFileType = image.png; path = "first@2x.png"; sourceTree = "<group>"; };
		F5098E6117094CE600E5CD66 /* second.png */ = {isa = PBXFileReference; lastKnownFileType = image.png; path = second.png; sourceTree = "<group>"; };
		F5098E6317094CE600E5CD66 /* second@2x.png */ = {isa = PBXFileReference; lastKnownFileType = image.png; path = "second@2x.png"; sourceTree = "<group>"; };
		F5098E6A17094E9C00E5CD66 /* ListViewController.h */ = {isa = PBXFileReference; fileEncoding = 4; lastKnownFileType = sourcecode.c.h; path = ListViewController.h; sourceTree = "<group>"; };
		F5098E6B17094E9C00E5CD66 /* ListViewController.m */ = {isa = PBXFileReference; fileEncoding = 4; lastKnownFileType = sourcecode.c.objc; path = ListViewController.m; sourceTree = "<group>"; };
		F5098E6D17095AFA00E5CD66 /* ViewController.h */ = {isa = PBXFileReference; fileEncoding = 4; lastKnownFileType = sourcecode.c.h; path = ViewController.h; sourceTree = "<group>"; };
		F5098E6E17095AFA00E5CD66 /* ViewController.m */ = {isa = PBXFileReference; fileEncoding = 4; lastKnownFileType = sourcecode.c.objc; path = ViewController.m; sourceTree = "<group>"; };
		F5098E731709710100E5CD66 /* abcViewController.h */ = {isa = PBXFileReference; fileEncoding = 4; lastKnownFileType = sourcecode.c.h; path = abcViewController.h; sourceTree = "<group>"; };
		F5098E741709710100E5CD66 /* abcViewController.m */ = {isa = PBXFileReference; fileEncoding = 4; lastKnownFileType = sourcecode.c.objc; path = abcViewController.m; sourceTree = "<group>"; };
		F5098E791709788A00E5CD66 /* abcdViewController.h */ = {isa = PBXFileReference; fileEncoding = 4; lastKnownFileType = sourcecode.c.h; path = abcdViewController.h; sourceTree = "<group>"; };
		F5098E7A1709788A00E5CD66 /* abcdViewController.m */ = {isa = PBXFileReference; fileEncoding = 4; lastKnownFileType = sourcecode.c.objc; path = abcdViewController.m; sourceTree = "<group>"; };
		F595DC5E170ACCA900809AC7 /* PlusViewController.h */ = {isa = PBXFileReference; fileEncoding = 4; lastKnownFileType = sourcecode.c.h; path = PlusViewController.h; sourceTree = "<group>"; };
		F595DC5F170ACCA900809AC7 /* PlusViewController.m */ = {isa = PBXFileReference; fileEncoding = 4; lastKnownFileType = sourcecode.c.objc; path = PlusViewController.m; sourceTree = "<group>"; };
		F595DC61170ACEFC00809AC7 /* PlusseniViewController.h */ = {isa = PBXFileReference; fileEncoding = 4; lastKnownFileType = sourcecode.c.h; path = PlusseniViewController.h; sourceTree = "<group>"; };
		F595DC62170ACEFC00809AC7 /* PlusseniViewController.m */ = {isa = PBXFileReference; fileEncoding = 4; lastKnownFileType = sourcecode.c.objc; path = PlusseniViewController.m; sourceTree = "<group>"; };
/* End PBXFileReference section */

/* Begin PBXFrameworksBuildPhase section */
		F5098E3617094CE600E5CD66 /* Frameworks */ = {
			isa = PBXFrameworksBuildPhase;
			buildActionMask = 2147483647;
			files = (
				F5098E3D17094CE600E5CD66 /* UIKit.framework in Frameworks */,
				F5098E3F17094CE600E5CD66 /* Foundation.framework in Frameworks */,
				F5098E4117094CE600E5CD66 /* CoreGraphics.framework in Frameworks */,
			);
			runOnlyForDeploymentPostprocessing = 0;
		};
/* End PBXFrameworksBuildPhase section */

/* Begin PBXGroup section */
		F5098E3017094CE600E5CD66 = {
			isa = PBXGroup;
			children = (
				F5098E4217094CE600E5CD66 /* ft */,
				F5098E3B17094CE600E5CD66 /* Frameworks */,
				F5098E3A17094CE600E5CD66 /* Products */,
			);
			sourceTree = "<group>";
		};
		F5098E3A17094CE600E5CD66 /* Products */ = {
			isa = PBXGroup;
			children = (
				F5098E3917094CE600E5CD66 /* ft.app */,
			);
			name = Products;
			sourceTree = "<group>";
		};
		F5098E3B17094CE600E5CD66 /* Frameworks */ = {
			isa = PBXGroup;
			children = (
				F5098E3C17094CE600E5CD66 /* UIKit.framework */,
				F5098E3E17094CE600E5CD66 /* Foundation.framework */,
				F5098E4017094CE600E5CD66 /* CoreGraphics.framework */,
			);
			name = Frameworks;
			sourceTree = "<group>";
		};
		F5098E4217094CE600E5CD66 /* ft */ = {
			isa = PBXGroup;
			children = (
				F5098E4B17094CE600E5CD66 /* AppDelegate.h */,
				F5098E4C17094CE600E5CD66 /* AppDelegate.m */,
				F5098E5417094CE600E5CD66 /* MainStoryboard.storyboard */,
				F595DC61170ACEFC00809AC7 /* PlusseniViewController.h */,
				F595DC62170ACEFC00809AC7 /* PlusseniViewController.m */,
				F595DC5E170ACCA900809AC7 /* PlusViewController.h */,
				F595DC5F170ACCA900809AC7 /* PlusViewController.m */,
				F5098E791709788A00E5CD66 /* abcdViewController.h */,
				F5098E7A1709788A00E5CD66 /* abcdViewController.m */,
				F5098E731709710100E5CD66 /* abcViewController.h */,
				F5098E741709710100E5CD66 /* abcViewController.m */,
				F5098E6D17095AFA00E5CD66 /* ViewController.h */,
				F5098E6E17095AFA00E5CD66 /* ViewController.m */,
				F5098E6A17094E9C00E5CD66 /* ListViewController.h */,
				F5098E6B17094E9C00E5CD66 /* ListViewController.m */,
				F5098E5A17094CE600E5CD66 /* first.png */,
				F5098E5C17094CE600E5CD66 /* first@2x.png */,
				F5098E6117094CE600E5CD66 /* second.png */,
				F5098E6317094CE600E5CD66 /* second@2x.png */,
				F5098E4317094CE600E5CD66 /* Supporting Files */,
			);
			path = ft;
			sourceTree = "<group>";
		};
		F5098E4317094CE600E5CD66 /* Supporting Files */ = {
			isa = PBXGroup;
			children = (
				F5098E4417094CE600E5CD66 /* ft-Info.plist */,
				F5098E4517094CE600E5CD66 /* InfoPlist.strings */,
				F5098E4817094CE600E5CD66 /* main.m */,
				F5098E4A17094CE600E5CD66 /* ft-Prefix.pch */,
				F5098E4E17094CE600E5CD66 /* Default.png */,
				F5098E5017094CE600E5CD66 /* Default@2x.png */,
				F5098E5217094CE600E5CD66 /* Default-568h@2x.png */,
			);
			name = "Supporting Files";
			sourceTree = "<group>";
		};
/* End PBXGroup section */

/* Begin PBXNativeTarget section */
		F5098E3817094CE600E5CD66 /* ft */ = {
			isa = PBXNativeTarget;
			buildConfigurationList = F5098E6717094CE600E5CD66 /* Build configuration list for PBXNativeTarget "ft" */;
			buildPhases = (
				F5098E3517094CE600E5CD66 /* Sources */,
				F5098E3617094CE600E5CD66 /* Frameworks */,
				F5098E3717094CE600E5CD66 /* Resources */,
			);
			buildRules = (
			);
			dependencies = (
			);
			name = ft;
			productName = ft;
			productReference = F5098E3917094CE600E5CD66 /* ft.app */;
			productType = "com.apple.product-type.application";
		};
/* End PBXNativeTarget section */

/* Begin PBXProject section */
		F5098E3117094CE600E5CD66 /* Project object */ = {
			isa = PBXProject;
			attributes = {
				LastUpgradeCheck = 0460;
				ORGANIZATIONNAME = "Koshio Tosifumi";
			};
			buildConfigurationList = F5098E3417094CE600E5CD66 /* Build configuration list for PBXProject "ft" */;
			compatibilityVersion = "Xcode 3.2";
			developmentRegion = English;
			hasScannedForEncodings = 0;
			knownRegions = (
				en,
			);
			mainGroup = F5098E3017094CE600E5CD66;
			productRefGroup = F5098E3A17094CE600E5CD66 /* Products */;
			projectDirPath = "";
			projectRoot = "";
			targets = (
				F5098E3817094CE600E5CD66 /* ft */,
			);
		};
/* End PBXProject section */

/* Begin PBXResourcesBuildPhase section */
		F5098E3717094CE600E5CD66 /* Resources */ = {
			isa = PBXResourcesBuildPhase;
			buildActionMask = 2147483647;
			files = (
				F5098E4717094CE600E5CD66 /* InfoPlist.strings in Resources */,
				F5098E4F17094CE600E5CD66 /* Default.png in Resources */,
				F5098E5117094CE600E5CD66 /* Default@2x.png in Resources */,
				F5098E5317094CE600E5CD66 /* Default-568h@2x.png in Resources */,
				F5098E5617094CE600E5CD66 /* MainStoryboard.storyboard in Resources */,
				F5098E5B17094CE600E5CD66 /* first.png in Resources */,
				F5098E5D17094CE600E5CD66 /* first@2x.png in Resources */,
				F5098E6217094CE600E5CD66 /* second.png in Resources */,
				F5098E6417094CE600E5CD66 /* second@2x.png in Resources */,
			);
			runOnlyForDeploymentPostprocessing = 0;
		};
/* End PBXResourcesBuildPhase section */

/* Begin PBXSourcesBuildPhase section */
		F5098E3517094CE600E5CD66 /* Sources */ = {
			isa = PBXSourcesBuildPhase;
			buildActionMask = 2147483647;
			files = (
				F5098E4917094CE600E5CD66 /* main.m in Sources */,
				F5098E4D17094CE600E5CD66 /* AppDelegate.m in Sources */,
				F5098E6C17094E9C00E5CD66 /* ListViewController.m in Sources */,
				F5098E6F17095AFA00E5CD66 /* ViewController.m in Sources */,
				F5098E751709710100E5CD66 /* abcViewController.m in Sources */,
				F5098E7B1709788A00E5CD66 /* abcdViewController.m in Sources */,
				F595DC60170ACCA900809AC7 /* PlusViewController.m in Sources */,
				F595DC63170ACEFC00809AC7 /* PlusseniViewController.m in Sources */,
			);
			runOnlyForDeploymentPostprocessing = 0;
		};
/* End PBXSourcesBuildPhase section */

/* Begin PBXVariantGroup section */
		F5098E4517094CE600E5CD66 /* InfoPlist.strings */ = {
			isa = PBXVariantGroup;
			children = (
				F5098E4617094CE600E5CD66 /* en */,
			);
			name = InfoPlist.strings;
			sourceTree = "<group>";
		};
		F5098E5417094CE600E5CD66 /* MainStoryboard.storyboard */ = {
			isa = PBXVariantGroup;
			children = (
				F5098E5517094CE600E5CD66 /* en */,
			);
			name = MainStoryboard.storyboard;
			sourceTree = "<group>";
		};
/* End PBXVariantGroup section */

/* Begin XCBuildConfiguration section */
		F5098E6517094CE600E5CD66 /* Debug */ = {
			isa = XCBuildConfiguration;
			buildSettings = {
				ALWAYS_SEARCH_USER_PATHS = NO;
				CLANG_CXX_LANGUAGE_STANDARD = "gnu++0x";
				CLANG_CXX_LIBRARY = "libc++";
				CLANG_ENABLE_OBJC_ARC = YES;
				CLANG_WARN_CONSTANT_CONVERSION = YES;
				CLANG_WARN_EMPTY_BODY = YES;
				CLANG_WARN_ENUM_CONVERSION = YES;
				CLANG_WARN_INT_CONVERSION = YES;
				CLANG_WARN__DUPLICATE_METHOD_MATCH = YES;
				"CODE_SIGN_IDENTITY[sdk=iphoneos*]" = "iPhone Developer";
				COPY_PHASE_STRIP = NO;
				GCC_C_LANGUAGE_STANDARD = gnu99;
				GCC_DYNAMIC_NO_PIC = NO;
				GCC_OPTIMIZATION_LEVEL = 0;
				GCC_PREPROCESSOR_DEFINITIONS = (
					"DEBUG=1",
					"$(inherited)",
				);
				GCC_SYMBOLS_PRIVATE_EXTERN = NO;
				GCC_WARN_ABOUT_RETURN_TYPE = YES;
				GCC_WARN_UNINITIALIZED_AUTOS = YES;
				GCC_WARN_UNUSED_VARIABLE = YES;
				IPHONEOS_DEPLOYMENT_TARGET = 6.1;
				ONLY_ACTIVE_ARCH = YES;
				SDKROOT = iphoneos;
			};
			name = Debug;
		};
		F5098E6617094CE600E5CD66 /* Release */ = {
			isa = XCBuildConfiguration;
			buildSettings = {
				ALWAYS_SEARCH_USER_PATHS = NO;
				CLANG_CXX_LANGUAGE_STANDARD = "gnu++0x";
				CLANG_CXX_LIBRARY = "libc++";
				CLANG_ENABLE_OBJC_ARC = YES;
				CLANG_WARN_CONSTANT_CONVERSION = YES;
				CLANG_WARN_EMPTY_BODY = YES;
				CLANG_WARN_ENUM_CONVERSION = YES;
				CLANG_WARN_INT_CONVERSION = YES;
				CLANG_WARN__DUPLICATE_METHOD_MATCH = YES;
				"CODE_SIGN_IDENTITY[sdk=iphoneos*]" = "iPhone Developer";
				COPY_PHASE_STRIP = YES;
				GCC_C_LANGUAGE_STANDARD = gnu99;
				GCC_WARN_ABOUT_RETURN_TYPE = YES;
				GCC_WARN_UNINITIALIZED_AUTOS = YES;
				GCC_WARN_UNUSED_VARIABLE = YES;
				IPHONEOS_DEPLOYMENT_TARGET = 6.1;
				OTHER_CFLAGS = "-DNS_BLOCK_ASSERTIONS=1";
				SDKROOT = iphoneos;
				VALIDATE_PRODUCT = YES;
			};
			name = Release;
		};
		F5098E6817094CE600E5CD66 /* Debug */ = {
			isa = XCBuildConfiguration;
			buildSettings = {
				GCC_PRECOMPILE_PREFIX_HEADER = YES;
				GCC_PREFIX_HEADER = "ft/ft-Prefix.pch";
				INFOPLIST_FILE = "ft/ft-Info.plist";
				PRODUCT_NAME = "$(TARGET_NAME)";
				WRAPPER_EXTENSION = app;
			};
			name = Debug;
		};
		F5098E6917094CE600E5CD66 /* Release */ = {
			isa = XCBuildConfiguration;
			buildSettings = {
				GCC_PRECOMPILE_PREFIX_HEADER = YES;
				GCC_PREFIX_HEADER = "ft/ft-Prefix.pch";
				INFOPLIST_FILE = "ft/ft-Info.plist";
				PRODUCT_NAME = "$(TARGET_NAME)";
				WRAPPER_EXTENSION = app;
			};
			name = Release;
		};
/* End XCBuildConfiguration section */

/* Begin XCConfigurationList section */
		F5098E3417094CE600E5CD66 /* Build configuration list for PBXProject "ft" */ = {
			isa = XCConfigurationList;
			buildConfigurations = (
				F5098E6517094CE600E5CD66 /* Debug */,
				F5098E6617094CE600E5CD66 /* Release */,
			);
			defaultConfigurationIsVisible = 0;
			defaultConfigurationName = Release;
		};
		F5098E6717094CE600E5CD66 /* Build configuration list for PBXNativeTarget "ft" */ = {
			isa = XCConfigurationList;
			buildConfigurations = (
				F5098E6817094CE600E5CD66 /* Debug */,
				F5098E6917094CE600E5CD66 /* Release */,
			);
			defaultConfigurationIsVisible = 0;
			defaultConfigurationName = Release;
		};
/* End XCConfigurationList section */
	};
	rootObject = F5098E3117094CE600E5CD66 /* Project object */;
}
